{
  "version": 4,
  "terraform_version": "1.1.7",
  "serial": 92,
  "lineage": "79eaadee-4afd-e023-bede-55db10667422",
  "outputs": {},
  "resources": [
    {
      "mode": "managed",
      "type": "aws_s3_bucket",
      "name": "wiki_bucket",
      "provider": "provider[\"registry.terraform.io/hashicorp/aws\"]",
      "instances": [
        {
          "schema_version": 0,
          "attributes": {
            "acceleration_status": "",
            "acl": "private",
            "arn": "arn:aws:s3:::wiki.thanesh.io",
            "bucket": "wiki.thanesh.io",
            "bucket_domain_name": "wiki.thanesh.io.s3.amazonaws.com",
            "bucket_prefix": null,
            "bucket_regional_domain_name": "wiki.thanesh.io.s3.ap-southeast-2.amazonaws.com",
            "cors_rule": [],
            "force_destroy": false,
            "grant": [],
            "hosted_zone_id": "Z1WCIGYICN2BYD",
            "id": "wiki.thanesh.io",
            "lifecycle_rule": [],
            "logging": [],
            "object_lock_configuration": [],
            "object_lock_enabled": false,
            "policy": "",
            "region": "ap-southeast-2",
            "replication_configuration": [],
            "request_payer": "BucketOwner",
            "server_side_encryption_configuration": [],
            "tags": {},
            "tags_all": {},
            "versioning": [
              {
                "enabled": false,
                "mfa_delete": false
              }
            ],
            "website": [],
            "website_domain": "s3-website-ap-southeast-2.amazonaws.com",
            "website_endpoint": "wiki.thanesh.io.s3-website-ap-southeast-2.amazonaws.com"
          },
          "sensitive_attributes": [],
          "private": "bnVsbA=="
        }
      ]
    }
  ]
}
